
Microsoft Visual Studio Solution File, Format Version 12.00
# Visual Studio Version 16
VisualStudioVersion = 16.0.30320.27
MinimumVisualStudioVersion = 10.0.40219.1
Project("{FAE04EC0-301F-11D3-BF4B-00C04F79EFBC}") = "BlazingCRM", "BlazingCRM\BlazingCRM.csproj", "{DA675CFF-155E-45C2-A497-9504D3377629}"
EndProject
Global
	GlobalSection(SolutionConfigurationPlatforms) = preSolution
		Debug|Any CPU = Debug|Any CPU
		Release|Any CPU = Release|Any CPU
	EndGlobalSection
	GlobalSection(ProjectConfigurationPlatforms) = postSolution
		{DA675CFF-155E-45C2-A497-9504D3377629}.Debug|Any CPU.ActiveCfg = Debug|Any CPU
		{DA675CFF-155E-45C2-A497-9504D3377629}.Debug|Any CPU.Build.0 = Debug|Any CPU
		{DA675CFF-155E-45C2-A497-9504D3377629}.Release|Any CPU.ActiveCfg = Release|Any CPU
		{DA675CFF-155E-45C2-A497-9504D3377629}.Release|Any CPU.Build.0 = Release|Any CPU
	EndGlobalSection
	GlobalSection(SolutionProperties) = preSolution
		HideSolutionNode = FALSE
	EndGlobalSection
	GlobalSection(ExtensibilityGlobals) = postSolution
		SolutionGuid = {6BF92753-D0E8-41B6-BB90-C81DB359BFF7}
	EndGlobalSection
EndGlobal
